
Microsoft Visual Studio Solution File, Format Version 12.00
# Visual Studio Version 16
VisualStudioVersion = 16.0.30309.148
MinimumVisualStudioVersion = 10.0.40219.1
Project("{FAE04EC0-301F-11D3-BF4B-00C04F79EFBC}") = "IMC", "IMC\IMC.csproj", "{38FB6BC3-C141-4699-BB4E-645DE7C9830E}"
EndProject
Global
	GlobalSection(SolutionConfigurationPlatforms) = preSolution
		Debug|Any CPU = Debug|Any CPU
		Release|Any CPU = Release|Any CPU
	EndGlobalSection
	GlobalSection(ProjectConfigurationPlatforms) = postSolution
		{38FB6BC3-C141-4699-BB4E-645DE7C9830E}.Debug|Any CPU.ActiveCfg = Debug|Any CPU
		{38FB6BC3-C141-4699-BB4E-645DE7C9830E}.Debug|Any CPU.Build.0 = Debug|Any CPU
		{38FB6BC3-C141-4699-BB4E-645DE7C9830E}.Release|Any CPU.ActiveCfg = Release|Any CPU
		{38FB6BC3-C141-4699-BB4E-645DE7C9830E}.Release|Any CPU.Build.0 = Release|Any CPU
	EndGlobalSection
	GlobalSection(SolutionProperties) = preSolution
		HideSolutionNode = FALSE
	EndGlobalSection
	GlobalSection(ExtensibilityGlobals) = postSolution
		SolutionGuid = {C435BC40-C958-49B8-8CF8-CC09AD2BC874}
	EndGlobalSection
EndGlobal
